
Microsoft Visual Studio Solution File, Format Version 12.00
# Visual Studio 15
VisualStudioVersion = 15.0.28307.1062
MinimumVisualStudioVersion = 10.0.40219.1
Project("{FAE04EC0-301F-11D3-BF4B-00C04F79EFBC}") = "MonsterCrusher", "MonsterCrusher\MonsterCrusher.csproj", "{724336CF-01DD-4761-8267-75FEC139D03C}"
EndProject
Global
	GlobalSection(SolutionConfigurationPlatforms) = preSolution
		Debug|Any CPU = Debug|Any CPU
		Release|Any CPU = Release|Any CPU
	EndGlobalSection
	GlobalSection(ProjectConfigurationPlatforms) = postSolution
		{724336CF-01DD-4761-8267-75FEC139D03C}.Debug|Any CPU.ActiveCfg = Debug|Any CPU
		{724336CF-01DD-4761-8267-75FEC139D03C}.Debug|Any CPU.Build.0 = Debug|Any CPU
		{724336CF-01DD-4761-8267-75FEC139D03C}.Debug|Any CPU.Deploy.0 = Debug|Any CPU
		{724336CF-01DD-4761-8267-75FEC139D03C}.Release|Any CPU.ActiveCfg = Release|Any CPU
		{724336CF-01DD-4761-8267-75FEC139D03C}.Release|Any CPU.Build.0 = Release|Any CPU
		{724336CF-01DD-4761-8267-75FEC139D03C}.Release|Any CPU.Deploy.0 = Release|Any CPU
	EndGlobalSection
	GlobalSection(SolutionProperties) = preSolution
		HideSolutionNode = FALSE
	EndGlobalSection
	GlobalSection(ExtensibilityGlobals) = postSolution
		SolutionGuid = {6C7A1C2C-7022-4C16-B24B-180828444EDE}
	EndGlobalSection
EndGlobal
